<?xml version="1.0" encoding="utf-8"?>
<Project ToolsVersion="4.0" xmlns="http://schemas.microsoft.com/developer/msbuild/2003">
  <ItemGroup>
    <Filter Include="imgui">
      <UniqueIdentifier>{dc4a99ba-33ad-4e49-8315-778ce29a5145}</UniqueIdentifier>
    </Filter>
    <Filter Include="kiero">
      <UniqueIdentifier>{ed109fb8-0bc1-4c29-b019-f925f9d129ec}</UniqueIdentifier>
    </Filter>
    <Filter Include="kiero\minhook">
      <UniqueIdentifier>{b9cf2c1f-5470-4133-8eb2-3391556e7c9f}</UniqueIdentifier>
    </Filter>
    <Filter Include="kiero\minhook\src">
      <UniqueIdentifier>{1d9e72ce-3aba-4377-93ab-609f0385b863}</UniqueIdentifier>
    </Filter>
    <Filter Include="kiero\minhook\src\hde">
      <UniqueIdentifier>{ec47b110-1f17-43f0-8bab-45c94b7f8e3a}</UniqueIdentifier>
    </Filter>
    <Filter Include="src">
      <UniqueIdentifier>{3bdadb0f-ef6b-45f3-b6f7-72e5a054bf01}</UniqueIdentifier>
    </Filter>
    <Filter Include="src\il2cpp">
      <UniqueIdentifier>{9dba5bed-1b83-4b57-9703-f1ac59005378}</UniqueIdentifier>
    </Filter>
    <Filter Include="src\il2cpp\framework">
      <UniqueIdentifier>{86f4989c-72a3-4b55-a5c3-534758003ff3}</UniqueIdentifier>
    </Filter>
    <Filter Include="src\il2cpp\appdata">
      <UniqueIdentifier>{0bec46de-fb24-4f20-b351-fdbe0ad52b5d}</UniqueIdentifier>
    </Filter>
  </ItemGroup>
  <ItemGroup>
    <ClInclude Include="include\imgui\imconfig.h">
      <Filter>imgui</Filter>
    </ClInclude>
    <ClInclude Include="include\imgui\imgui.h">
      <Filter>imgui</Filter>
    </ClInclude>
    <ClInclude Include="include\imgui\imgui_impl_dx11.h">
      <Filter>imgui</Filter>
    </ClInclude>
    <ClInclude Include="include\imgui\imgui_impl_win32.h">
      <Filter>imgui</Filter>
    </ClInclude>
    <ClInclude Include="include\imgui\imgui_internal.h">
      <Filter>imgui</Filter>
    </ClInclude>
    <ClInclude Include="include\imgui\imstb_rectpack.h">
      <Filter>imgui</Filter>
    </ClInclude>
    <ClInclude Include="include\imgui\imstb_textedit.h">
      <Filter>imgui</Filter>
    </ClInclude>
    <ClInclude Include="include\imgui\imstb_truetype.h">
      <Filter>imgui</Filter>
    </ClInclude>
    <ClInclude Include="include\kiero\kiero.h">
      <Filter>kiero</Filter>
    </ClInclude>
    <ClInclude Include="include\kiero\minhook\src\hde\hde32.h">
      <Filter>kiero\minhook\src\hde</Filter>
    </ClInclude>
    <ClInclude Include="include\kiero\minhook\src\hde\hde64.h">
      <Filter>kiero\minhook\src\hde</Filter>
    </ClInclude>
    <ClInclude Include="include\kiero\minhook\src\hde\pstdint.h">
      <Filter>kiero\minhook\src\hde</Filter>
    </ClInclude>
    <ClInclude Include="include\kiero\minhook\src\hde\table32.h">
      <Filter>kiero\minhook\src\hde</Filter>
    </ClInclude>
    <ClInclude Include="include\kiero\minhook\src\hde\table64.h">
      <Filter>kiero\minhook\src\hde</Filter>
    </ClInclude>
    <ClInclude Include="include\kiero\minhook\src\buffer.h">
      <Filter>kiero\minhook\src</Filter>
    </ClInclude>
    <ClInclude Include="include\kiero\minhook\src\trampoline.h">
      <Filter>kiero\minhook\src</Filter>
    </ClInclude>
    <ClInclude Include="include\kiero\minhook\include\MinHook.h">
      <Filter>kiero\minhook</Filter>
    </ClInclude>
    <ClInclude Include="src\il2cpp\framework\helpers.h">
      <Filter>src\il2cpp\framework</Filter>
    </ClInclude>
    <ClInclude Include="src\il2cpp\framework\il2cpp-appdata.h">
      <Filter>src\il2cpp\framework</Filter>
    </ClInclude>
    <ClInclude Include="src\il2cpp\framework\il2cpp-init.h">
      <Filter>src\il2cpp\framework</Filter>
    </ClInclude>
    <ClInclude Include="src\il2cpp\framework\pch-il2cpp.h">
      <Filter>src\il2cpp\framework</Filter>
    </ClInclude>
    <ClInclude Include="src\il2cpp\appdata\il2cpp-api-functions.h">
      <Filter>src\il2cpp\appdata</Filter>
    </ClInclude>
    <ClInclude Include="src\il2cpp\appdata\il2cpp-api-functions-ptr.h">
      <Filter>src\il2cpp\appdata</Filter>
    </ClInclude>
    <ClInclude Include="src\il2cpp\appdata\il2cpp-functions.h">
      <Filter>src\il2cpp\appdata</Filter>
    </ClInclude>
    <ClInclude Include="src\il2cpp\appdata\il2cpp-types.h">
      <Filter>src\il2cpp\appdata</Filter>
    </ClInclude>
    <ClInclude Include="src\il2cpp\appdata\il2cpp-types-ptr.h">
      <Filter>src\il2cpp\appdata</Filter>
    </ClInclude>
  </ItemGroup>
  <ItemGroup>
    <ClCompile Include="include\imgui\imgui.cpp">
      <Filter>imgui</Filter>
    </ClCompile>
    <ClCompile Include="include\imgui\imgui_demo.cpp">
      <Filter>imgui</Filter>
    </ClCompile>
    <ClCompile Include="include\imgui\imgui_draw.cpp">
      <Filter>imgui</Filter>
    </ClCompile>
    <ClCompile Include="include\imgui\imgui_impl_dx11.cpp">
      <Filter>imgui</Filter>
    </ClCompile>
    <ClCompile Include="include\imgui\imgui_impl_win32.cpp">
      <Filter>imgui</Filter>
    </ClCompile>
    <ClCompile Include="include\imgui\imgui_widgets.cpp">
      <Filter>imgui</Filter>
    </ClCompile>
    <ClCompile Include="include\kiero\kiero.cpp">
      <Filter>kiero</Filter>
    </ClCompile>
    <ClCompile Include="include\kiero\minhook\src\hde\hde32.c">
      <Filter>kiero\minhook\src\hde</Filter>
    </ClCompile>
    <ClCompile Include="include\kiero\minhook\src\hde\hde64.c">
      <Filter>kiero\minhook\src\hde</Filter>
    </ClCompile>
    <ClCompile Include="include\kiero\minhook\src\buffer.c">
      <Filter>kiero\minhook\src</Filter>
    </ClCompile>
    <ClCompile Include="include\kiero\minhook\src\hook.c">
      <Filter>kiero\minhook\src</Filter>
    </ClCompile>
    <ClCompile Include="include\kiero\minhook\src\trampoline.c">
      <Filter>kiero\minhook\src</Filter>
    </ClCompile>
    <ClCompile Include="src\spacemafia.cpp">
      <Filter>src</Filter>
    </ClCompile>
    <ClCompile Include="src\il2cpp\framework\helpers.cpp">
      <Filter>src\il2cpp\framework</Filter>
    </ClCompile>
    <ClCompile Include="src\il2cpp\framework\il2cpp-init.cpp">
      <Filter>src\il2cpp\framework</Filter>
    </ClCompile>
    <ClCompile Include="src\il2cpp\framework\pch-il2cpp.cpp">
      <Filter>src\il2cpp\framework</Filter>
    </ClCompile>
  </ItemGroup>
</Project>